
Microsoft Visual Studio Solution File, Format Version 11.00
# Visual Studio 2010
Project("{FAE04EC0-301F-11D3-BF4B-00C04F79EFBC}") = "TargetTracker", "TargetTracker\TargetTracker.csproj", "{5FFDF700-7D44-444D-B8F9-B0EE969BB810}"
EndProject
Project("{FAE04EC0-301F-11D3-BF4B-00C04F79EFBC}") = "TargetTrackerApp", "TargetTrackerApp\TargetTrackerApp.csproj", "{5063459C-069E-4A16-95EE-1EDC375145F5}"
EndProject
Project("{FAE04EC0-301F-11D3-BF4B-00C04F79EFBC}") = "TrackerTest", "TrackerTest\TrackerTest.csproj", "{1F87AD1D-F11A-45E5-BDB5-20ECF6289952}"
EndProject
Global
	GlobalSection(SolutionConfigurationPlatforms) = preSolution
		Debug|Any CPU = Debug|Any CPU
		Debug|Mixed Platforms = Debug|Mixed Platforms
		Debug|x86 = Debug|x86
		Release|Any CPU = Release|Any CPU
		Release|Mixed Platforms = Release|Mixed Platforms
		Release|x86 = Release|x86
	EndGlobalSection
	GlobalSection(ProjectConfigurationPlatforms) = postSolution
		{5FFDF700-7D44-444D-B8F9-B0EE969BB810}.Debug|Any CPU.ActiveCfg = Debug|Any CPU
		{5FFDF700-7D44-444D-B8F9-B0EE969BB810}.Debug|Any CPU.Build.0 = Debug|Any CPU
		{5FFDF700-7D44-444D-B8F9-B0EE969BB810}.Debug|Mixed Platforms.ActiveCfg = Debug|Any CPU
		{5FFDF700-7D44-444D-B8F9-B0EE969BB810}.Debug|Mixed Platforms.Build.0 = Debug|Any CPU
		{5FFDF700-7D44-444D-B8F9-B0EE969BB810}.Debug|x86.ActiveCfg = Debug|Any CPU
		{5FFDF700-7D44-444D-B8F9-B0EE969BB810}.Release|Any CPU.ActiveCfg = Release|Any CPU
		{5FFDF700-7D44-444D-B8F9-B0EE969BB810}.Release|Any CPU.Build.0 = Release|Any CPU
		{5FFDF700-7D44-444D-B8F9-B0EE969BB810}.Release|Mixed Platforms.ActiveCfg = Release|Any CPU
		{5FFDF700-7D44-444D-B8F9-B0EE969BB810}.Release|Mixed Platforms.Build.0 = Release|Any CPU
		{5FFDF700-7D44-444D-B8F9-B0EE969BB810}.Release|x86.ActiveCfg = Release|Any CPU
		{5063459C-069E-4A16-95EE-1EDC375145F5}.Debug|Any CPU.ActiveCfg = Debug|x86
		{5063459C-069E-4A16-95EE-1EDC375145F5}.Debug|Mixed Platforms.ActiveCfg = Debug|x86
		{5063459C-069E-4A16-95EE-1EDC375145F5}.Debug|Mixed Platforms.Build.0 = Debug|x86
		{5063459C-069E-4A16-95EE-1EDC375145F5}.Debug|x86.ActiveCfg = Debug|x86
		{5063459C-069E-4A16-95EE-1EDC375145F5}.Debug|x86.Build.0 = Debug|x86
		{5063459C-069E-4A16-95EE-1EDC375145F5}.Release|Any CPU.ActiveCfg = Release|x86
		{5063459C-069E-4A16-95EE-1EDC375145F5}.Release|Mixed Platforms.ActiveCfg = Release|x86
		{5063459C-069E-4A16-95EE-1EDC375145F5}.Release|Mixed Platforms.Build.0 = Release|x86
		{5063459C-069E-4A16-95EE-1EDC375145F5}.Release|x86.ActiveCfg = Release|x86
		{5063459C-069E-4A16-95EE-1EDC375145F5}.Release|x86.Build.0 = Release|x86
		{1F87AD1D-F11A-45E5-BDB5-20ECF6289952}.Debug|Any CPU.ActiveCfg = Debug|x86
		{1F87AD1D-F11A-45E5-BDB5-20ECF6289952}.Debug|Mixed Platforms.ActiveCfg = Debug|x86
		{1F87AD1D-F11A-45E5-BDB5-20ECF6289952}.Debug|Mixed Platforms.Build.0 = Debug|x86
		{1F87AD1D-F11A-45E5-BDB5-20ECF6289952}.Debug|x86.ActiveCfg = Debug|x86
		{1F87AD1D-F11A-45E5-BDB5-20ECF6289952}.Debug|x86.Build.0 = Debug|x86
		{1F87AD1D-F11A-45E5-BDB5-20ECF6289952}.Release|Any CPU.ActiveCfg = Release|x86
		{1F87AD1D-F11A-45E5-BDB5-20ECF6289952}.Release|Mixed Platforms.ActiveCfg = Release|x86
		{1F87AD1D-F11A-45E5-BDB5-20ECF6289952}.Release|Mixed Platforms.Build.0 = Release|x86
		{1F87AD1D-F11A-45E5-BDB5-20ECF6289952}.Release|x86.ActiveCfg = Release|x86
		{1F87AD1D-F11A-45E5-BDB5-20ECF6289952}.Release|x86.Build.0 = Release|x86
	EndGlobalSection
	GlobalSection(SolutionProperties) = preSolution
		HideSolutionNode = FALSE
	EndGlobalSection
EndGlobal
